
Microsoft Visual Studio Solution File, Format Version 12.00
# Visual Studio 15
VisualStudioVersion = 15.0.28307.705
MinimumVisualStudioVersion = 10.0.40219.1
Project("{FAE04EC0-301F-11D3-BF4B-00C04F79EFBC}") = "Bing.AuthLogin", "src\Bing.AuthLogin\Bing.AuthLogin.csproj", "{DA53033D-1FB4-4ED5-9896-012D34A0B0B1}"
EndProject
Project("{FAE04EC0-301F-11D3-BF4B-00C04F79EFBC}") = "Bing.AuthLogin.Abstractions", "src\Bing.AuthLogin.Abstractions\Bing.AuthLogin.Abstractions.csproj", "{79932C9F-871C-4400-B5AD-DA12E1B93B0F}"
EndProject
Project("{FAE04EC0-301F-11D3-BF4B-00C04F79EFBC}") = "Bing.AuthLogin.Core", "src\Bing.AuthLogin.Core\Bing.AuthLogin.Core.csproj", "{D785BA2E-476A-49F9-9665-717CF27876F6}"
EndProject
Global
	GlobalSection(SolutionConfigurationPlatforms) = preSolution
		Debug|Any CPU = Debug|Any CPU
		Release|Any CPU = Release|Any CPU
	EndGlobalSection
	GlobalSection(ProjectConfigurationPlatforms) = postSolution
		{DA53033D-1FB4-4ED5-9896-012D34A0B0B1}.Debug|Any CPU.ActiveCfg = Debug|Any CPU
		{DA53033D-1FB4-4ED5-9896-012D34A0B0B1}.Debug|Any CPU.Build.0 = Debug|Any CPU
		{DA53033D-1FB4-4ED5-9896-012D34A0B0B1}.Release|Any CPU.ActiveCfg = Release|Any CPU
		{DA53033D-1FB4-4ED5-9896-012D34A0B0B1}.Release|Any CPU.Build.0 = Release|Any CPU
		{79932C9F-871C-4400-B5AD-DA12E1B93B0F}.Debug|Any CPU.ActiveCfg = Debug|Any CPU
		{79932C9F-871C-4400-B5AD-DA12E1B93B0F}.Debug|Any CPU.Build.0 = Debug|Any CPU
		{79932C9F-871C-4400-B5AD-DA12E1B93B0F}.Release|Any CPU.ActiveCfg = Release|Any CPU
		{79932C9F-871C-4400-B5AD-DA12E1B93B0F}.Release|Any CPU.Build.0 = Release|Any CPU
		{D785BA2E-476A-49F9-9665-717CF27876F6}.Debug|Any CPU.ActiveCfg = Debug|Any CPU
		{D785BA2E-476A-49F9-9665-717CF27876F6}.Debug|Any CPU.Build.0 = Debug|Any CPU
		{D785BA2E-476A-49F9-9665-717CF27876F6}.Release|Any CPU.ActiveCfg = Release|Any CPU
		{D785BA2E-476A-49F9-9665-717CF27876F6}.Release|Any CPU.Build.0 = Release|Any CPU
	EndGlobalSection
	GlobalSection(SolutionProperties) = preSolution
		HideSolutionNode = FALSE
	EndGlobalSection
	GlobalSection(ExtensibilityGlobals) = postSolution
		SolutionGuid = {436179AD-845A-4686-93F0-60B32FCDAE85}
	EndGlobalSection
EndGlobal
